
Microsoft Visual Studio Solution File, Format Version 12.00
# Visual Studio Version 17
VisualStudioVersion = 17.0.31903.59
MinimumVisualStudioVersion = 10.0.40219.1
Project("{FAE04EC0-301F-11D3-BF4B-00C04F79EFBC}") = "EverythingBox.Server.Abstractions", "EverythingBox.Server.Abstractions\EverythingBox.Server.Abstractions.csproj", "{E3A1137D-CB87-4CAD-95BE-36E1CC59586D}"
EndProject
Project("{FAE04EC0-301F-11D3-BF4B-00C04F79EFBC}") = "EverythingBox.Server.Tests", "EverythingBox.Server.Tests\EverythingBox.Server.Tests.csproj", "{9758FD33-0B82-4F9A-A3E6-68F3885EB8E2}"
EndProject
Project("{FAE04EC0-301F-11D3-BF4B-00C04F79EFBC}") = "EverythingBox.Server", "EverythingBox.Server\EverythingBox.Server.csproj", "{0B7EEC5C-5A95-45F0-ADF0-66436F17F432}"
EndProject
Global
	GlobalSection(SolutionConfigurationPlatforms) = preSolution
		Debug|Any CPU = Debug|Any CPU
		Debug|x64 = Debug|x64
		Debug|x86 = Debug|x86
		Release|Any CPU = Release|Any CPU
		Release|x64 = Release|x64
		Release|x86 = Release|x86
	EndGlobalSection
	GlobalSection(ProjectConfigurationPlatforms) = postSolution
		{E3A1137D-CB87-4CAD-95BE-36E1CC59586D}.Debug|Any CPU.ActiveCfg = Debug|Any CPU
		{E3A1137D-CB87-4CAD-95BE-36E1CC59586D}.Debug|Any CPU.Build.0 = Debug|Any CPU
		{E3A1137D-CB87-4CAD-95BE-36E1CC59586D}.Debug|x64.ActiveCfg = Debug|Any CPU
		{E3A1137D-CB87-4CAD-95BE-36E1CC59586D}.Debug|x64.Build.0 = Debug|Any CPU
		{E3A1137D-CB87-4CAD-95BE-36E1CC59586D}.Debug|x86.ActiveCfg = Debug|Any CPU
		{E3A1137D-CB87-4CAD-95BE-36E1CC59586D}.Debug|x86.Build.0 = Debug|Any CPU
		{E3A1137D-CB87-4CAD-95BE-36E1CC59586D}.Release|Any CPU.ActiveCfg = Release|Any CPU
		{E3A1137D-CB87-4CAD-95BE-36E1CC59586D}.Release|Any CPU.Build.0 = Release|Any CPU
		{E3A1137D-CB87-4CAD-95BE-36E1CC59586D}.Release|x64.ActiveCfg = Release|Any CPU
		{E3A1137D-CB87-4CAD-95BE-36E1CC59586D}.Release|x64.Build.0 = Release|Any CPU
		{E3A1137D-CB87-4CAD-95BE-36E1CC59586D}.Release|x86.ActiveCfg = Release|Any CPU
		{E3A1137D-CB87-4CAD-95BE-36E1CC59586D}.Release|x86.Build.0 = Release|Any CPU
		{9758FD33-0B82-4F9A-A3E6-68F3885EB8E2}.Debug|Any CPU.ActiveCfg = Debug|Any CPU
		{9758FD33-0B82-4F9A-A3E6-68F3885EB8E2}.Debug|Any CPU.Build.0 = Debug|Any CPU
		{9758FD33-0B82-4F9A-A3E6-68F3885EB8E2}.Debug|x64.ActiveCfg = Debug|Any CPU
		{9758FD33-0B82-4F9A-A3E6-68F3885EB8E2}.Debug|x64.Build.0 = Debug|Any CPU
		{9758FD33-0B82-4F9A-A3E6-68F3885EB8E2}.Debug|x86.ActiveCfg = Debug|Any CPU
		{9758FD33-0B82-4F9A-A3E6-68F3885EB8E2}.Debug|x86.Build.0 = Debug|Any CPU
		{9758FD33-0B82-4F9A-A3E6-68F3885EB8E2}.Release|Any CPU.ActiveCfg = Release|Any CPU
		{9758FD33-0B82-4F9A-A3E6-68F3885EB8E2}.Release|Any CPU.Build.0 = Release|Any CPU
		{9758FD33-0B82-4F9A-A3E6-68F3885EB8E2}.Release|x64.ActiveCfg = Release|Any CPU
		{9758FD33-0B82-4F9A-A3E6-68F3885EB8E2}.Release|x64.Build.0 = Release|Any CPU
		{9758FD33-0B82-4F9A-A3E6-68F3885EB8E2}.Release|x86.ActiveCfg = Release|Any CPU
		{9758FD33-0B82-4F9A-A3E6-68F3885EB8E2}.Release|x86.Build.0 = Release|Any CPU
		{0B7EEC5C-5A95-45F0-ADF0-66436F17F432}.Debug|Any CPU.ActiveCfg = Debug|Any CPU
		{0B7EEC5C-5A95-45F0-ADF0-66436F17F432}.Debug|Any CPU.Build.0 = Debug|Any CPU
		{0B7EEC5C-5A95-45F0-ADF0-66436F17F432}.Debug|x64.ActiveCfg = Debug|Any CPU
		{0B7EEC5C-5A95-45F0-ADF0-66436F17F432}.Debug|x64.Build.0 = Debug|Any CPU
		{0B7EEC5C-5A95-45F0-ADF0-66436F17F432}.Debug|x86.ActiveCfg = Debug|Any CPU
		{0B7EEC5C-5A95-45F0-ADF0-66436F17F432}.Debug|x86.Build.0 = Debug|Any CPU
		{0B7EEC5C-5A95-45F0-ADF0-66436F17F432}.Release|Any CPU.ActiveCfg = Release|Any CPU
		{0B7EEC5C-5A95-45F0-ADF0-66436F17F432}.Release|Any CPU.Build.0 = Release|Any CPU
		{0B7EEC5C-5A95-45F0-ADF0-66436F17F432}.Release|x64.ActiveCfg = Release|Any CPU
		{0B7EEC5C-5A95-45F0-ADF0-66436F17F432}.Release|x64.Build.0 = Release|Any CPU
		{0B7EEC5C-5A95-45F0-ADF0-66436F17F432}.Release|x86.ActiveCfg = Release|Any CPU
		{0B7EEC5C-5A95-45F0-ADF0-66436F17F432}.Release|x86.Build.0 = Release|Any CPU
	EndGlobalSection
	GlobalSection(SolutionProperties) = preSolution
		HideSolutionNode = FALSE
	EndGlobalSection
EndGlobal
